
Microsoft Visual Studio Solution File, Format Version 12.00
# Visual Studio 15
VisualStudioVersion = 15.0.28307.539
MinimumVisualStudioVersion = 10.0.40219.1
Project("{FAE04EC0-301F-11D3-BF4B-00C04F79EFBC}") = "TestOAuthAPISDK", "TestOAuthAPISDK\TestOAuthAPISDK.csproj", "{75634282-7FDD-452C-8E14-7CF976C6298D}"
EndProject
Global
	GlobalSection(SolutionConfigurationPlatforms) = preSolution
		Debug|Any CPU = Debug|Any CPU
		Release|Any CPU = Release|Any CPU
	EndGlobalSection
	GlobalSection(ProjectConfigurationPlatforms) = postSolution
		{75634282-7FDD-452C-8E14-7CF976C6298D}.Debug|Any CPU.ActiveCfg = Debug|Any CPU
		{75634282-7FDD-452C-8E14-7CF976C6298D}.Debug|Any CPU.Build.0 = Debug|Any CPU
		{75634282-7FDD-452C-8E14-7CF976C6298D}.Release|Any CPU.ActiveCfg = Release|Any CPU
		{75634282-7FDD-452C-8E14-7CF976C6298D}.Release|Any CPU.Build.0 = Release|Any CPU
	EndGlobalSection
	GlobalSection(SolutionProperties) = preSolution
		HideSolutionNode = FALSE
	EndGlobalSection
	GlobalSection(ExtensibilityGlobals) = postSolution
		SolutionGuid = {4F0E2FD3-E196-4F68-93FD-BF28A03267F8}
	EndGlobalSection
EndGlobal
